
Microsoft Visual Studio Solution File, Format Version 12.00
# Visual Studio Version 17
VisualStudioVersion = 17.13.35825.156 d17.13
MinimumVisualStudioVersion = 10.0.40219.1
Project("{FAE04EC0-301F-11D3-BF4B-00C04F79EFBC}") = "CalculadoraCientifica_v3", "CalculadoraCientifica_v3.csproj", "{18E35B0C-C26C-4905-A572-1D5D8D70EA0B}"
EndProject
Global
	GlobalSection(SolutionConfigurationPlatforms) = preSolution
		Debug|Any CPU = Debug|Any CPU
		Release|Any CPU = Release|Any CPU
	EndGlobalSection
	GlobalSection(ProjectConfigurationPlatforms) = postSolution
		{18E35B0C-C26C-4905-A572-1D5D8D70EA0B}.Debug|Any CPU.ActiveCfg = Debug|Any CPU
		{18E35B0C-C26C-4905-A572-1D5D8D70EA0B}.Debug|Any CPU.Build.0 = Debug|Any CPU
		{18E35B0C-C26C-4905-A572-1D5D8D70EA0B}.Release|Any CPU.ActiveCfg = Release|Any CPU
		{18E35B0C-C26C-4905-A572-1D5D8D70EA0B}.Release|Any CPU.Build.0 = Release|Any CPU
	EndGlobalSection
	GlobalSection(SolutionProperties) = preSolution
		HideSolutionNode = FALSE
	EndGlobalSection
	GlobalSection(ExtensibilityGlobals) = postSolution
		SolutionGuid = {30444C5E-27F6-479E-A831-E81D743C3F0E}
	EndGlobalSection
EndGlobal
